// !$*UTF8*$!
{
	archiveVersion = 1;
	classes = {
	};
	objectVersion = 56;
	objects = {

/* Begin PBXBuildFile section */
		049699E02B5061CC00822C85 /* TableHeader.xib in Resources */ = {isa = PBXBuildFile; fileRef = 049699DF2B5061CC00822C85 /* TableHeader.xib */; };
		049699E22B50638100822C85 /* CustomViewHeader.swift in Sources */ = {isa = PBXBuildFile; fileRef = 049699E12B50638100822C85 /* CustomViewHeader.swift */; };
		049699E42B50662B00822C85 /* CustomViewHeader.xib in Resources */ = {isa = PBXBuildFile; fileRef = 049699E32B50662B00822C85 /* CustomViewHeader.xib */; };
		0496B8AC2B4E969800C3502D /* ExtensionViewController.swift in Sources */ = {isa = PBXBuildFile; fileRef = 0496B8AB2B4E969800C3502D /* ExtensionViewController.swift */; };
		0496B8B02B4E97B500C3502D /* TableViewCell.swift in Sources */ = {isa = PBXBuildFile; fileRef = 0496B8AE2B4E97B500C3502D /* TableViewCell.swift */; };
		0496B8B12B4E97B500C3502D /* TableViewCell.xib in Resources */ = {isa = PBXBuildFile; fileRef = 0496B8AF2B4E97B500C3502D /* TableViewCell.xib */; };
		0496B8B42B4E9BAC00C3502D /* Data.swift in Sources */ = {isa = PBXBuildFile; fileRef = 0496B8B32B4E9BAC00C3502D /* Data.swift */; };
		0496B8B72B4EA75100C3502D /* Protocols.swift in Sources */ = {isa = PBXBuildFile; fileRef = 0496B8B62B4EA75100C3502D /* Protocols.swift */; };
		04FB87E22B4BFFD400EDE4A9 /* AppDelegate.swift in Sources */ = {isa = PBXBuildFile; fileRef = 04FB87E12B4BFFD400EDE4A9 /* AppDelegate.swift */; };
		04FB87E42B4BFFD400EDE4A9 /* SceneDelegate.swift in Sources */ = {isa = PBXBuildFile; fileRef = 04FB87E32B4BFFD400EDE4A9 /* SceneDelegate.swift */; };
		04FB87E62B4BFFD400EDE4A9 /* ViewController.swift in Sources */ = {isa = PBXBuildFile; fileRef = 04FB87E52B4BFFD400EDE4A9 /* ViewController.swift */; };
		04FB87E92B4BFFD400EDE4A9 /* Main.storyboard in Resources */ = {isa = PBXBuildFile; fileRef = 04FB87E72B4BFFD400EDE4A9 /* Main.storyboard */; };
		04FB87EC2B4BFFD400EDE4A9 /* dynamicTableRows.xcdatamodeld in Sources */ = {isa = PBXBuildFile; fileRef = 04FB87EA2B4BFFD400EDE4A9 /* dynamicTableRows.xcdatamodeld */; };
		04FB87EE2B4BFFD700EDE4A9 /* Assets.xcassets in Resources */ = {isa = PBXBuildFile; fileRef = 04FB87ED2B4BFFD700EDE4A9 /* Assets.xcassets */; };
		04FB87F12B4BFFD700EDE4A9 /* LaunchScreen.storyboard in Resources */ = {isa = PBXBuildFile; fileRef = 04FB87EF2B4BFFD700EDE4A9 /* LaunchScreen.storyboard */; };
/* End PBXBuildFile section */

/* Begin PBXFileReference section */
		049699DF2B5061CC00822C85 /* TableHeader.xib */ = {isa = PBXFileReference; lastKnownFileType = file.xib; path = TableHeader.xib; sourceTree = "<group>"; };
		049699E12B50638100822C85 /* CustomViewHeader.swift */ = {isa = PBXFileReference; lastKnownFileType = sourcecode.swift; path = CustomViewHeader.swift; sourceTree = "<group>"; };
		049699E32B50662B00822C85 /* CustomViewHeader.xib */ = {isa = PBXFileReference; lastKnownFileType = file.xib; path = CustomViewHeader.xib; sourceTree = "<group>"; };
		0496B8AB2B4E969800C3502D /* ExtensionViewController.swift */ = {isa = PBXFileReference; lastKnownFileType = sourcecode.swift; path = ExtensionViewController.swift; sourceTree = "<group>"; };
		0496B8AE2B4E97B500C3502D /* TableViewCell.swift */ = {isa = PBXFileReference; lastKnownFileType = sourcecode.swift; path = TableViewCell.swift; sourceTree = "<group>"; };
		0496B8AF2B4E97B500C3502D /* TableViewCell.xib */ = {isa = PBXFileReference; lastKnownFileType = file.xib; path = TableViewCell.xib; sourceTree = "<group>"; };
		0496B8B32B4E9BAC00C3502D /* Data.swift */ = {isa = PBXFileReference; lastKnownFileType = sourcecode.swift; path = Data.swift; sourceTree = "<group>"; };
		0496B8B62B4EA75100C3502D /* Protocols.swift */ = {isa = PBXFileReference; lastKnownFileType = sourcecode.swift; path = Protocols.swift; sourceTree = "<group>"; };
		04FB87DE2B4BFFD400EDE4A9 /* dynamicTableRows.app */ = {isa = PBXFileReference; explicitFileType = wrapper.application; includeInIndex = 0; path = dynamicTableRows.app; sourceTree = BUILT_PRODUCTS_DIR; };
		04FB87E12B4BFFD400EDE4A9 /* AppDelegate.swift */ = {isa = PBXFileReference; lastKnownFileType = sourcecode.swift; path = AppDelegate.swift; sourceTree = "<group>"; };
		04FB87E32B4BFFD400EDE4A9 /* SceneDelegate.swift */ = {isa = PBXFileReference; lastKnownFileType = sourcecode.swift; path = SceneDelegate.swift; sourceTree = "<group>"; };
		04FB87E52B4BFFD400EDE4A9 /* ViewController.swift */ = {isa = PBXFileReference; lastKnownFileType = sourcecode.swift; path = ViewController.swift; sourceTree = "<group>"; };
		04FB87E82B4BFFD400EDE4A9 /* Base */ = {isa = PBXFileReference; lastKnownFileType = file.storyboard; name = Base; path = Base.lproj/Main.storyboard; sourceTree = "<group>"; };
		04FB87EB2B4BFFD400EDE4A9 /* dynamicTableRows.xcdatamodel */ = {isa = PBXFileReference; lastKnownFileType = wrapper.xcdatamodel; path = dynamicTableRows.xcdatamodel; sourceTree = "<group>"; };
		04FB87ED2B4BFFD700EDE4A9 /* Assets.xcassets */ = {isa = PBXFileReference; lastKnownFileType = folder.assetcatalog; path = Assets.xcassets; sourceTree = "<group>"; };
		04FB87F02B4BFFD700EDE4A9 /* Base */ = {isa = PBXFileReference; lastKnownFileType = file.storyboard; name = Base; path = Base.lproj/LaunchScreen.storyboard; sourceTree = "<group>"; };
		04FB87F22B4BFFD700EDE4A9 /* Info.plist */ = {isa = PBXFileReference; lastKnownFileType = text.plist.xml; path = Info.plist; sourceTree = "<group>"; };
/* End PBXFileReference section */

/* Begin PBXFrameworksBuildPhase section */
		04FB87DB2B4BFFD400EDE4A9 /* Frameworks */ = {
			isa = PBXFrameworksBuildPhase;
			buildActionMask = 2147483647;
			files = (
			);
			runOnlyForDeploymentPostprocessing = 0;
		};
/* End PBXFrameworksBuildPhase section */

/* Begin PBXGroup section */
		0496B8AD2B4E979800C3502D /* ReusableViews */ = {
			isa = PBXGroup;
			children = (
				0496B8AE2B4E97B500C3502D /* TableViewCell.swift */,
				0496B8AF2B4E97B500C3502D /* TableViewCell.xib */,
				049699DF2B5061CC00822C85 /* TableHeader.xib */,
				049699E12B50638100822C85 /* CustomViewHeader.swift */,
				049699E32B50662B00822C85 /* CustomViewHeader.xib */,
			);
			path = ReusableViews;
			sourceTree = "<group>";
		};
		0496B8B22B4E9B9600C3502D /* Model */ = {
			isa = PBXGroup;
			children = (
				0496B8B32B4E9BAC00C3502D /* Data.swift */,
			);
			path = Model;
			sourceTree = "<group>";
		};
		0496B8B52B4EA73000C3502D /* Delegats */ = {
			isa = PBXGroup;
			children = (
				0496B8B62B4EA75100C3502D /* Protocols.swift */,
			);
			path = Delegats;
			sourceTree = "<group>";
		};
		04FB87D52B4BFFD400EDE4A9 = {
			isa = PBXGroup;
			children = (
				04FB87E02B4BFFD400EDE4A9 /* dynamicTableRows */,
				04FB87DF2B4BFFD400EDE4A9 /* Products */,
			);
			sourceTree = "<group>";
		};
		04FB87DF2B4BFFD400EDE4A9 /* Products */ = {
			isa = PBXGroup;
			children = (
				04FB87DE2B4BFFD400EDE4A9 /* dynamicTableRows.app */,
			);
			name = Products;
			sourceTree = "<group>";
		};
		04FB87E02B4BFFD400EDE4A9 /* dynamicTableRows */ = {
			isa = PBXGroup;
			children = (
				0496B8B52B4EA73000C3502D /* Delegats */,
				0496B8B22B4E9B9600C3502D /* Model */,
				0496B8AD2B4E979800C3502D /* ReusableViews */,
				04FB87E12B4BFFD400EDE4A9 /* AppDelegate.swift */,
				04FB87E32B4BFFD400EDE4A9 /* SceneDelegate.swift */,
				04FB87E52B4BFFD400EDE4A9 /* ViewController.swift */,
				04FB87E72B4BFFD400EDE4A9 /* Main.storyboard */,
				04FB87ED2B4BFFD700EDE4A9 /* Assets.xcassets */,
				04FB87EF2B4BFFD700EDE4A9 /* LaunchScreen.storyboard */,
				04FB87F22B4BFFD700EDE4A9 /* Info.plist */,
				04FB87EA2B4BFFD400EDE4A9 /* dynamicTableRows.xcdatamodeld */,
				0496B8AB2B4E969800C3502D /* ExtensionViewController.swift */,
			);
			path = dynamicTableRows;
			sourceTree = "<group>";
		};
/* End PBXGroup section */

/* Begin PBXNativeTarget section */
		04FB87DD2B4BFFD400EDE4A9 /* dynamicTableRows */ = {
			isa = PBXNativeTarget;
			buildConfigurationList = 04FB87F52B4BFFD700EDE4A9 /* Build configuration list for PBXNativeTarget "dynamicTableRows" */;
			buildPhases = (
				04FB87DA2B4BFFD400EDE4A9 /* Sources */,
				04FB87DB2B4BFFD400EDE4A9 /* Frameworks */,
				04FB87DC2B4BFFD400EDE4A9 /* Resources */,
			);
			buildRules = (
			);
			dependencies = (
			);
			name = dynamicTableRows;
			productName = dynamicTableRows;
			productReference = 04FB87DE2B4BFFD400EDE4A9 /* dynamicTableRows.app */;
			productType = "com.apple.product-type.application";
		};
/* End PBXNativeTarget section */

/* Begin PBXProject section */
		04FB87D62B4BFFD400EDE4A9 /* Project object */ = {
			isa = PBXProject;
			attributes = {
				BuildIndependentTargetsInParallel = 1;
				LastSwiftUpdateCheck = 1410;
				LastUpgradeCheck = 1410;
				TargetAttributes = {
					04FB87DD2B4BFFD400EDE4A9 = {
						CreatedOnToolsVersion = 14.1;
					};
				};
			};
			buildConfigurationList = 04FB87D92B4BFFD400EDE4A9 /* Build configuration list for PBXProject "dynamicTableRows" */;
			compatibilityVersion = "Xcode 14.0";
			developmentRegion = en;
			hasScannedForEncodings = 0;
			knownRegions = (
				en,
				Base,
			);
			mainGroup = 04FB87D52B4BFFD400EDE4A9;
			productRefGroup = 04FB87DF2B4BFFD400EDE4A9 /* Products */;
			projectDirPath = "";
			projectRoot = "";
			targets = (
				04FB87DD2B4BFFD400EDE4A9 /* dynamicTableRows */,
			);
		};
/* End PBXProject section */

/* Begin PBXResourcesBuildPhase section */
		04FB87DC2B4BFFD400EDE4A9 /* Resources */ = {
			isa = PBXResourcesBuildPhase;
			buildActionMask = 2147483647;
			files = (
				049699E42B50662B00822C85 /* CustomViewHeader.xib in Resources */,
				04FB87F12B4BFFD700EDE4A9 /* LaunchScreen.storyboard in Resources */,
				0496B8B12B4E97B500C3502D /* TableViewCell.xib in Resources */,
				04FB87EE2B4BFFD700EDE4A9 /* Assets.xcassets in Resources */,
				049699E02B5061CC00822C85 /* TableHeader.xib in Resources */,
				04FB87E92B4BFFD400EDE4A9 /* Main.storyboard in Resources */,
			);
			runOnlyForDeploymentPostprocessing = 0;
		};
/* End PBXResourcesBuildPhase section */

/* Begin PBXSourcesBuildPhase section */
		04FB87DA2B4BFFD400EDE4A9 /* Sources */ = {
			isa = PBXSourcesBuildPhase;
			buildActionMask = 2147483647;
			files = (
				0496B8B42B4E9BAC00C3502D /* Data.swift in Sources */,
				04FB87E62B4BFFD400EDE4A9 /* ViewController.swift in Sources */,
				0496B8AC2B4E969800C3502D /* ExtensionViewController.swift in Sources */,
				04FB87EC2B4BFFD400EDE4A9 /* dynamicTableRows.xcdatamodeld in Sources */,
				0496B8B02B4E97B500C3502D /* TableViewCell.swift in Sources */,
				04FB87E22B4BFFD400EDE4A9 /* AppDelegate.swift in Sources */,
				04FB87E42B4BFFD400EDE4A9 /* SceneDelegate.swift in Sources */,
				0496B8B72B4EA75100C3502D /* Protocols.swift in Sources */,
				049699E22B50638100822C85 /* CustomViewHeader.swift in Sources */,
			);
			runOnlyForDeploymentPostprocessing = 0;
		};
/* End PBXSourcesBuildPhase section */

/* Begin PBXVariantGroup section */
		04FB87E72B4BFFD400EDE4A9 /* Main.storyboard */ = {
			isa = PBXVariantGroup;
			children = (
				04FB87E82B4BFFD400EDE4A9 /* Base */,
			);
			name = Main.storyboard;
			sourceTree = "<group>";
		};
		04FB87EF2B4BFFD700EDE4A9 /* LaunchScreen.storyboard */ = {
			isa = PBXVariantGroup;
			children = (
				04FB87F02B4BFFD700EDE4A9 /* Base */,
			);
			name = LaunchScreen.storyboard;
			sourceTree = "<group>";
		};
/* End PBXVariantGroup section */

/* Begin XCBuildConfiguration section */
		04FB87F32B4BFFD700EDE4A9 /* Debug */ = {
			isa = XCBuildConfiguration;
			buildSettings = {
				ALWAYS_SEARCH_USER_PATHS = NO;
				CLANG_ANALYZER_NONNULL = YES;
				CLANG_ANALYZER_NUMBER_OBJECT_CONVERSION = YES_AGGRESSIVE;
				CLANG_CXX_LANGUAGE_STANDARD = "gnu++20";
				CLANG_ENABLE_MODULES = YES;
				CLANG_ENABLE_OBJC_ARC = YES;
				CLANG_ENABLE_OBJC_WEAK = YES;
				CLANG_WARN_BLOCK_CAPTURE_AUTORELEASING = YES;
				CLANG_WARN_BOOL_CONVERSION = YES;
				CLANG_WARN_COMMA = YES;
				CLANG_WARN_CONSTANT_CONVERSION = YES;
				CLANG_WARN_DEPRECATED_OBJC_IMPLEMENTATIONS = YES;
				CLANG_WARN_DIRECT_OBJC_ISA_USAGE = YES_ERROR;
				CLANG_WARN_DOCUMENTATION_COMMENTS = YES;
				CLANG_WARN_EMPTY_BODY = YES;
				CLANG_WARN_ENUM_CONVERSION = YES;
				CLANG_WARN_INFINITE_RECURSION = YES;
				CLANG_WARN_INT_CONVERSION = YES;
				CLANG_WARN_NON_LITERAL_NULL_CONVERSION = YES;
				CLANG_WARN_OBJC_IMPLICIT_RETAIN_SELF = YES;
				CLANG_WARN_OBJC_LITERAL_CONVERSION = YES;
				CLANG_WARN_OBJC_ROOT_CLASS = YES_ERROR;
				CLANG_WARN_QUOTED_INCLUDE_IN_FRAMEWORK_HEADER = YES;
				CLANG_WARN_RANGE_LOOP_ANALYSIS = YES;
				CLANG_WARN_STRICT_PROTOTYPES = YES;
				CLANG_WARN_SUSPICIOUS_MOVE = YES;
				CLANG_WARN_UNGUARDED_AVAILABILITY = YES_AGGRESSIVE;
				CLANG_WARN_UNREACHABLE_CODE = YES;
				CLANG_WARN__DUPLICATE_METHOD_MATCH = YES;
				COPY_PHASE_STRIP = NO;
				DEBUG_INFORMATION_FORMAT = dwarf;
				ENABLE_STRICT_OBJC_MSGSEND = YES;
				ENABLE_TESTABILITY = YES;
				GCC_C_LANGUAGE_STANDARD = gnu11;
				GCC_DYNAMIC_NO_PIC = NO;
				GCC_NO_COMMON_BLOCKS = YES;
				GCC_OPTIMIZATION_LEVEL = 0;
				GCC_PREPROCESSOR_DEFINITIONS = (
					"DEBUG=1",
					"$(inherited)",
				);
				GCC_WARN_64_TO_32_BIT_CONVERSION = YES;
				GCC_WARN_ABOUT_RETURN_TYPE = YES_ERROR;
				GCC_WARN_UNDECLARED_SELECTOR = YES;
				GCC_WARN_UNINITIALIZED_AUTOS = YES_AGGRESSIVE;
				GCC_WARN_UNUSED_FUNCTION = YES;
				GCC_WARN_UNUSED_VARIABLE = YES;
				IPHONEOS_DEPLOYMENT_TARGET = 16.1;
				MTL_ENABLE_DEBUG_INFO = INCLUDE_SOURCE;
				MTL_FAST_MATH = YES;
				ONLY_ACTIVE_ARCH = YES;
				SDKROOT = iphoneos;
				SWIFT_ACTIVE_COMPILATION_CONDITIONS = DEBUG;
				SWIFT_OPTIMIZATION_LEVEL = "-Onone";
			};
			name = Debug;
		};
		04FB87F42B4BFFD700EDE4A9 /* Release */ = {
			isa = XCBuildConfiguration;
			buildSettings = {
				ALWAYS_SEARCH_USER_PATHS = NO;
				CLANG_ANALYZER_NONNULL = YES;
				CLANG_ANALYZER_NUMBER_OBJECT_CONVERSION = YES_AGGRESSIVE;
				CLANG_CXX_LANGUAGE_STANDARD = "gnu++20";
				CLANG_ENABLE_MODULES = YES;
				CLANG_ENABLE_OBJC_ARC = YES;
				CLANG_ENABLE_OBJC_WEAK = YES;
				CLANG_WARN_BLOCK_CAPTURE_AUTORELEASING = YES;
				CLANG_WARN_BOOL_CONVERSION = YES;
				CLANG_WARN_COMMA = YES;
				CLANG_WARN_CONSTANT_CONVERSION = YES;
				CLANG_WARN_DEPRECATED_OBJC_IMPLEMENTATIONS = YES;
				CLANG_WARN_DIRECT_OBJC_ISA_USAGE = YES_ERROR;
				CLANG_WARN_DOCUMENTATION_COMMENTS = YES;
				CLANG_WARN_EMPTY_BODY = YES;
				CLANG_WARN_ENUM_CONVERSION = YES;
				CLANG_WARN_INFINITE_RECURSION = YES;
				CLANG_WARN_INT_CONVERSION = YES;
				CLANG_WARN_NON_LITERAL_NULL_CONVERSION = YES;
				CLANG_WARN_OBJC_IMPLICIT_RETAIN_SELF = YES;
				CLANG_WARN_OBJC_LITERAL_CONVERSION = YES;
				CLANG_WARN_OBJC_ROOT_CLASS = YES_ERROR;
				CLANG_WARN_QUOTED_INCLUDE_IN_FRAMEWORK_HEADER = YES;
				CLANG_WARN_RANGE_LOOP_ANALYSIS = YES;
				CLANG_WARN_STRICT_PROTOTYPES = YES;
				CLANG_WARN_SUSPICIOUS_MOVE = YES;
				CLANG_WARN_UNGUARDED_AVAILABILITY = YES_AGGRESSIVE;
				CLANG_WARN_UNREACHABLE_CODE = YES;
				CLANG_WARN__DUPLICATE_METHOD_MATCH = YES;
				COPY_PHASE_STRIP = NO;
				DEBUG_INFORMATION_FORMAT = "dwarf-with-dsym";
				ENABLE_NS_ASSERTIONS = NO;
				ENABLE_STRICT_OBJC_MSGSEND = YES;
				GCC_C_LANGUAGE_STANDARD = gnu11;
				GCC_NO_COMMON_BLOCKS = YES;
				GCC_WARN_64_TO_32_BIT_CONVERSION = YES;
				GCC_WARN_ABOUT_RETURN_TYPE = YES_ERROR;
				GCC_WARN_UNDECLARED_SELECTOR = YES;
				GCC_WARN_UNINITIALIZED_AUTOS = YES_AGGRESSIVE;
				GCC_WARN_UNUSED_FUNCTION = YES;
				GCC_WARN_UNUSED_VARIABLE = YES;
				IPHONEOS_DEPLOYMENT_TARGET = 16.1;
				MTL_ENABLE_DEBUG_INFO = NO;
				MTL_FAST_MATH = YES;
				SDKROOT = iphoneos;
				SWIFT_COMPILATION_MODE = wholemodule;
				SWIFT_OPTIMIZATION_LEVEL = "-O";
				VALIDATE_PRODUCT = YES;
			};
			name = Release;
		};
		04FB87F62B4BFFD700EDE4A9 /* Debug */ = {
			isa = XCBuildConfiguration;
			buildSettings = {
				ASSETCATALOG_COMPILER_APPICON_NAME = AppIcon;
				ASSETCATALOG_COMPILER_GLOBAL_ACCENT_COLOR_NAME = AccentColor;
				CODE_SIGN_STYLE = Automatic;
				CURRENT_PROJECT_VERSION = 1;
				DEVELOPMENT_TEAM = 8A4P64DS67;
				GENERATE_INFOPLIST_FILE = YES;
				INFOPLIST_FILE = dynamicTableRows/Info.plist;
				INFOPLIST_KEY_UIApplicationSupportsIndirectInputEvents = YES;
				INFOPLIST_KEY_UILaunchStoryboardName = LaunchScreen;
				INFOPLIST_KEY_UIMainStoryboardFile = Main;
				INFOPLIST_KEY_UISupportedInterfaceOrientations_iPad = "UIInterfaceOrientationPortrait UIInterfaceOrientationPortraitUpsideDown UIInterfaceOrientationLandscapeLeft UIInterfaceOrientationLandscapeRight";
				INFOPLIST_KEY_UISupportedInterfaceOrientations_iPhone = "UIInterfaceOrientationPortrait UIInterfaceOrientationLandscapeLeft UIInterfaceOrientationLandscapeRight";
				LD_RUNPATH_SEARCH_PATHS = (
					"$(inherited)",
					"@executable_path/Frameworks",
				);
				MARKETING_VERSION = 1.0;
				PRODUCT_BUNDLE_IDENTIFIER = nadahamed.com.dynamicTableRows;
				PRODUCT_NAME = "$(TARGET_NAME)";
				SWIFT_EMIT_LOC_STRINGS = YES;
				SWIFT_VERSION = 5.0;
				TARGETED_DEVICE_FAMILY = "1,2";
			};
			name = Debug;
		};
		04FB87F72B4BFFD700EDE4A9 /* Release */ = {
			isa = XCBuildConfiguration;
			buildSettings = {
				ASSETCATALOG_COMPILER_APPICON_NAME = AppIcon;
				ASSETCATALOG_COMPILER_GLOBAL_ACCENT_COLOR_NAME = AccentColor;
				CODE_SIGN_STYLE = Automatic;
				CURRENT_PROJECT_VERSION = 1;
				DEVELOPMENT_TEAM = 8A4P64DS67;
				GENERATE_INFOPLIST_FILE = YES;
				INFOPLIST_FILE = dynamicTableRows/Info.plist;
				INFOPLIST_KEY_UIApplicationSupportsIndirectInputEvents = YES;
				INFOPLIST_KEY_UILaunchStoryboardName = LaunchScreen;
				INFOPLIST_KEY_UIMainStoryboardFile = Main;
				INFOPLIST_KEY_UISupportedInterfaceOrientations_iPad = "UIInterfaceOrientationPortrait UIInterfaceOrientationPortraitUpsideDown UIInterfaceOrientationLandscapeLeft UIInterfaceOrientationLandscapeRight";
				INFOPLIST_KEY_UISupportedInterfaceOrientations_iPhone = "UIInterfaceOrientationPortrait UIInterfaceOrientationLandscapeLeft UIInterfaceOrientationLandscapeRight";
				LD_RUNPATH_SEARCH_PATHS = (
					"$(inherited)",
					"@executable_path/Frameworks",
				);
				MARKETING_VERSION = 1.0;
				PRODUCT_BUNDLE_IDENTIFIER = nadahamed.com.dynamicTableRows;
				PRODUCT_NAME = "$(TARGET_NAME)";
				SWIFT_EMIT_LOC_STRINGS = YES;
				SWIFT_VERSION = 5.0;
				TARGETED_DEVICE_FAMILY = "1,2";
			};
			name = Release;
		};
/* End XCBuildConfiguration section */

/* Begin XCConfigurationList section */
		04FB87D92B4BFFD400EDE4A9 /* Build configuration list for PBXProject "dynamicTableRows" */ = {
			isa = XCConfigurationList;
			buildConfigurations = (
				04FB87F32B4BFFD700EDE4A9 /* Debug */,
				04FB87F42B4BFFD700EDE4A9 /* Release */,
			);
			defaultConfigurationIsVisible = 0;
			defaultConfigurationName = Release;
		};
		04FB87F52B4BFFD700EDE4A9 /* Build configuration list for PBXNativeTarget "dynamicTableRows" */ = {
			isa = XCConfigurationList;
			buildConfigurations = (
				04FB87F62B4BFFD700EDE4A9 /* Debug */,
				04FB87F72B4BFFD700EDE4A9 /* Release */,
			);
			defaultConfigurationIsVisible = 0;
			defaultConfigurationName = Release;
		};
/* End XCConfigurationList section */

/* Begin XCVersionGroup section */
		04FB87EA2B4BFFD400EDE4A9 /* dynamicTableRows.xcdatamodeld */ = {
			isa = XCVersionGroup;
			children = (
				04FB87EB2B4BFFD400EDE4A9 /* dynamicTableRows.xcdatamodel */,
			);
			currentVersion = 04FB87EB2B4BFFD400EDE4A9 /* dynamicTableRows.xcdatamodel */;
			path = dynamicTableRows.xcdatamodeld;
			sourceTree = "<group>";
			versionGroupType = wrapper.xcdatamodel;
		};
/* End XCVersionGroup section */
	};
	rootObject = 04FB87D62B4BFFD400EDE4A9 /* Project object */;
}
